// !$*UTF8*$!
{
	archiveVersion = 1;
	classes = {
	};
	objectVersion = 46;
	objects = {

/* Begin PBXBuildFile section */
		2926E3AD1F5B9846009DA7CB /* main.c in Sources */ = {isa = PBXBuildFile; fileRef = 2926E3AC1F5B9846009DA7CB /* main.c */; };
		2926E3B51F5B98BE009DA7CB /* MaxSubArray.c in Sources */ = {isa = PBXBuildFile; fileRef = 2926E3B31F5B98BE009DA7CB /* MaxSubArray.c */; };
/* End PBXBuildFile section */

/* Begin PBXCopyFilesBuildPhase section */
		2926E3A71F5B9846009DA7CB /* CopyFiles */ = {
			isa = PBXCopyFilesBuildPhase;
			buildActionMask = 2147483647;
			dstPath = /usr/share/man/man1/;
			dstSubfolderSpec = 0;
			files = (
			);
			runOnlyForDeploymentPostprocessing = 1;
		};
/* End PBXCopyFilesBuildPhase section */

/* Begin PBXFileReference section */
		2926E3A91F5B9846009DA7CB /* MaxSubArray */ = {isa = PBXFileReference; explicitFileType = "compiled.mach-o.executable"; includeInIndex = 0; path = MaxSubArray; sourceTree = BUILT_PRODUCTS_DIR; };
		2926E3AC1F5B9846009DA7CB /* main.c */ = {isa = PBXFileReference; lastKnownFileType = sourcecode.c.c; path = main.c; sourceTree = "<group>"; };
		2926E3B31F5B98BE009DA7CB /* MaxSubArray.c */ = {isa = PBXFileReference; fileEncoding = 4; lastKnownFileType = sourcecode.c.c; path = MaxSubArray.c; sourceTree = "<group>"; };
		2926E3B41F5B98BE009DA7CB /* MaxSubArray.h */ = {isa = PBXFileReference; fileEncoding = 4; lastKnownFileType = sourcecode.c.h; path = MaxSubArray.h; sourceTree = "<group>"; };
/* End PBXFileReference section */

/* Begin PBXFrameworksBuildPhase section */
		2926E3A61F5B9846009DA7CB /* Frameworks */ = {
			isa = PBXFrameworksBuildPhase;
			buildActionMask = 2147483647;
			files = (
			);
			runOnlyForDeploymentPostprocessing = 0;
		};
/* End PBXFrameworksBuildPhase section */

/* Begin PBXGroup section */
		2926E3A01F5B9846009DA7CB = {
			isa = PBXGroup;
			children = (
				2926E3AB1F5B9846009DA7CB /* MaxSubArray */,
				2926E3AA1F5B9846009DA7CB /* Products */,
			);
			sourceTree = "<group>";
		};
		2926E3AA1F5B9846009DA7CB /* Products */ = {
			isa = PBXGroup;
			children = (
				2926E3A91F5B9846009DA7CB /* MaxSubArray */,
			);
			name = Products;
			sourceTree = "<group>";
		};
		2926E3AB1F5B9846009DA7CB /* MaxSubArray */ = {
			isa = PBXGroup;
			children = (
				2926E3AC1F5B9846009DA7CB /* main.c */,
				2926E3B31F5B98BE009DA7CB /* MaxSubArray.c */,
				2926E3B41F5B98BE009DA7CB /* MaxSubArray.h */,
			);
			path = MaxSubArray;
			sourceTree = "<group>";
		};
/* End PBXGroup section */

/* Begin PBXNativeTarget section */
		2926E3A81F5B9846009DA7CB /* MaxSubArray */ = {
			isa = PBXNativeTarget;
			buildConfigurationList = 2926E3B01F5B9846009DA7CB /* Build configuration list for PBXNativeTarget "MaxSubArray" */;
			buildPhases = (
				2926E3A51F5B9846009DA7CB /* Sources */,
				2926E3A61F5B9846009DA7CB /* Frameworks */,
				2926E3A71F5B9846009DA7CB /* CopyFiles */,
			);
			buildRules = (
			);
			dependencies = (
			);
			name = MaxSubArray;
			productName = MaxSubArray;
			productReference = 2926E3A91F5B9846009DA7CB /* MaxSubArray */;
			productType = "com.apple.product-type.tool";
		};
/* End PBXNativeTarget section */

/* Begin PBXProject section */
		2926E3A11F5B9846009DA7CB /* Project object */ = {
			isa = PBXProject;
			attributes = {
				LastUpgradeCheck = 0830;
				ORGANIZATIONNAME = shinxg;
				TargetAttributes = {
					2926E3A81F5B9846009DA7CB = {
						CreatedOnToolsVersion = 8.3.3;
						ProvisioningStyle = Automatic;
					};
				};
			};
			buildConfigurationList = 2926E3A41F5B9846009DA7CB /* Build configuration list for PBXProject "MaxSubArray" */;
			compatibilityVersion = "Xcode 3.2";
			developmentRegion = English;
			hasScannedForEncodings = 0;
			knownRegions = (
				en,
			);
			mainGroup = 2926E3A01F5B9846009DA7CB;
			productRefGroup = 2926E3AA1F5B9846009DA7CB /* Products */;
			projectDirPath = "";
			projectRoot = "";
			targets = (
				2926E3A81F5B9846009DA7CB /* MaxSubArray */,
			);
		};
/* End PBXProject section */

/* Begin PBXSourcesBuildPhase section */
		2926E3A51F5B9846009DA7CB /* Sources */ = {
			isa = PBXSourcesBuildPhase;
			buildActionMask = 2147483647;
			files = (
				2926E3AD1F5B9846009DA7CB /* main.c in Sources */,
				2926E3B51F5B98BE009DA7CB /* MaxSubArray.c in Sources */,
			);
			runOnlyForDeploymentPostprocessing = 0;
		};
/* End PBXSourcesBuildPhase section */

/* Begin XCBuildConfiguration section */
		2926E3AE1F5B9846009DA7CB /* Debug */ = {
			isa = XCBuildConfiguration;
			buildSettings = {
				ALWAYS_SEARCH_USER_PATHS = NO;
				CLANG_ANALYZER_NONNULL = YES;
				CLANG_ANALYZER_NUMBER_OBJECT_CONVERSION = YES_AGGRESSIVE;
				CLANG_CXX_LANGUAGE_STANDARD = "gnu++0x";
				CLANG_CXX_LIBRARY = "libc++";
				CLANG_ENABLE_MODULES = YES;
				CLANG_ENABLE_OBJC_ARC = YES;
				CLANG_WARN_BOOL_CONVERSION = YES;
				CLANG_WARN_CONSTANT_CONVERSION = YES;
				CLANG_WARN_DIRECT_OBJC_ISA_USAGE = YES_ERROR;
				CLANG_WARN_DOCUMENTATION_COMMENTS = YES;
				CLANG_WARN_EMPTY_BODY = YES;
				CLANG_WARN_ENUM_CONVERSION = YES;
				CLANG_WARN_INFINITE_RECURSION = YES;
				CLANG_WARN_INT_CONVERSION = YES;
				CLANG_WARN_OBJC_ROOT_CLASS = YES_ERROR;
				CLANG_WARN_SUSPICIOUS_MOVE = YES;
				CLANG_WARN_UNREACHABLE_CODE = YES;
				CLANG_WARN__DUPLICATE_METHOD_MATCH = YES;
				CODE_SIGN_IDENTITY = "-";
				COPY_PHASE_STRIP = NO;
				DEBUG_INFORMATION_FORMAT = dwarf;
				ENABLE_STRICT_OBJC_MSGSEND = YES;
				ENABLE_TESTABILITY = YES;
				GCC_C_LANGUAGE_STANDARD = gnu99;
				GCC_DYNAMIC_NO_PIC = NO;
				GCC_NO_COMMON_BLOCKS = YES;
				GCC_OPTIMIZATION_LEVEL = 0;
				GCC_PREPROCESSOR_DEFINITIONS = (
					"DEBUG=1",
					"$(inherited)",
				);
				GCC_WARN_64_TO_32_BIT_CONVERSION = YES;
				GCC_WARN_ABOUT_RETURN_TYPE = YES_ERROR;
				GCC_WARN_UNDECLARED_SELECTOR = YES;
				GCC_WARN_UNINITIALIZED_AUTOS = YES_AGGRESSIVE;
				GCC_WARN_UNUSED_FUNCTION = YES;
				GCC_WARN_UNUSED_VARIABLE = YES;
				MACOSX_DEPLOYMENT_TARGET = 10.12;
				MTL_ENABLE_DEBUG_INFO = YES;
				ONLY_ACTIVE_ARCH = YES;
				SDKROOT = macosx;
			};
			name = Debug;
		};
		2926E3AF1F5B9846009DA7CB /* Release */ = {
			isa = XCBuildConfiguration;
			buildSettings = {
				ALWAYS_SEARCH_USER_PATHS = NO;
				CLANG_ANALYZER_NONNULL = YES;
				CLANG_ANALYZER_NUMBER_OBJECT_CONVERSION = YES_AGGRESSIVE;
				CLANG_CXX_LANGUAGE_STANDARD = "gnu++0x";
				CLANG_CXX_LIBRARY = "libc++";
				CLANG_ENABLE_MODULES = YES;
				CLANG_ENABLE_OBJC_ARC = YES;
				CLANG_WARN_BOOL_CONVERSION = YES;
				CLANG_WARN_CONSTANT_CONVERSION = YES;
				CLANG_WARN_DIRECT_OBJC_ISA_USAGE = YES_ERROR;
				CLANG_WARN_DOCUMENTATION_COMMENTS = YES;
				CLANG_WARN_EMPTY_BODY = YES;
				CLANG_WARN_ENUM_CONVERSION = YES;
				CLANG_WARN_INFINITE_RECURSION = YES;
				CLANG_WARN_INT_CONVERSION = YES;
				CLANG_WARN_OBJC_ROOT_CLASS = YES_ERROR;
				CLANG_WARN_SUSPICIOUS_MOVE = YES;
				CLANG_WARN_UNREACHABLE_CODE = YES;
				CLANG_WARN__DUPLICATE_METHOD_MATCH = YES;
				CODE_SIGN_IDENTITY = "-";
				COPY_PHASE_STRIP = NO;
				DEBUG_INFORMATION_FORMAT = "dwarf-with-dsym";
				ENABLE_NS_ASSERTIONS = NO;
				ENABLE_STRICT_OBJC_MSGSEND = YES;
				GCC_C_LANGUAGE_STANDARD = gnu99;
				GCC_NO_COMMON_BLOCKS = YES;
				GCC_WARN_64_TO_32_BIT_CONVERSION = YES;
				GCC_WARN_ABOUT_RETURN_TYPE = YES_ERROR;
				GCC_WARN_UNDECLARED_SELECTOR = YES;
				GCC_WARN_UNINITIALIZED_AUTOS = YES_AGGRESSIVE;
				GCC_WARN_UNUSED_FUNCTION = YES;
				GCC_WARN_UNUSED_VARIABLE = YES;
				MACOSX_DEPLOYMENT_TARGET = 10.12;
				MTL_ENABLE_DEBUG_INFO = NO;
				SDKROOT = macosx;
			};
			name = Release;
		};
		2926E3B11F5B9846009DA7CB /* Debug */ = {
			isa = XCBuildConfiguration;
			buildSettings = {
				PRODUCT_NAME = "$(TARGET_NAME)";
			};
			name = Debug;
		};
		2926E3B21F5B9846009DA7CB /* Release */ = {
			isa = XCBuildConfiguration;
			buildSettings = {
				PRODUCT_NAME = "$(TARGET_NAME)";
			};
			name = Release;
		};
/* End XCBuildConfiguration section */

/* Begin XCConfigurationList section */
		2926E3A41F5B9846009DA7CB /* Build configuration list for PBXProject "MaxSubArray" */ = {
			isa = XCConfigurationList;
			buildConfigurations = (
				2926E3AE1F5B9846009DA7CB /* Debug */,
				2926E3AF1F5B9846009DA7CB /* Release */,
			);
			defaultConfigurationIsVisible = 0;
			defaultConfigurationName = Release;
		};
		2926E3B01F5B9846009DA7CB /* Build configuration list for PBXNativeTarget "MaxSubArray" */ = {
			isa = XCConfigurationList;
			buildConfigurations = (
				2926E3B11F5B9846009DA7CB /* Debug */,
				2926E3B21F5B9846009DA7CB /* Release */,
			);
			defaultConfigurationIsVisible = 0;
			defaultConfigurationName = Release;
		};
/* End XCConfigurationList section */
	};
	rootObject = 2926E3A11F5B9846009DA7CB /* Project object */;
}
